
Microsoft Visual Studio Solution File, Format Version 12.00
# Visual Studio 15
VisualStudioVersion = 15.0.28307.1022
MinimumVisualStudioVersion = 10.0.40219.1
Project("{FAE04EC0-301F-11D3-BF4B-00C04F79EFBC}") = "NetworkScanner", "NetworkScanner\NetworkScanner.csproj", "{C141C9CF-C8C3-46F5-B025-2805BAC7BC47}"
EndProject
Global
	GlobalSection(SolutionConfigurationPlatforms) = preSolution
		Debug|Any CPU = Debug|Any CPU
		Release|Any CPU = Release|Any CPU
	EndGlobalSection
	GlobalSection(ProjectConfigurationPlatforms) = postSolution
		{C141C9CF-C8C3-46F5-B025-2805BAC7BC47}.Debug|Any CPU.ActiveCfg = Debug|Any CPU
		{C141C9CF-C8C3-46F5-B025-2805BAC7BC47}.Debug|Any CPU.Build.0 = Debug|Any CPU
		{C141C9CF-C8C3-46F5-B025-2805BAC7BC47}.Release|Any CPU.ActiveCfg = Release|Any CPU
		{C141C9CF-C8C3-46F5-B025-2805BAC7BC47}.Release|Any CPU.Build.0 = Release|Any CPU
	EndGlobalSection
	GlobalSection(SolutionProperties) = preSolution
		HideSolutionNode = FALSE
	EndGlobalSection
	GlobalSection(ExtensibilityGlobals) = postSolution
		SolutionGuid = {97F726C7-085F-42BE-82B5-69004A48CEF0}
	EndGlobalSection
EndGlobal
